{
    "version": 3,
    "terraform_version": "0.11.7",
    "serial": 3,
    "lineage": "70ca1365-0631-5b3d-89ad-691102fd56df",
    "modules": [
        {
            "path": [
                "root"
            ],
            "outputs": {
                "address": {
                    "sensitive": false,
                    "type": "string",
                    "value": "ec2-54-152-216-93.compute-1.amazonaws.com"
                }
            },
            "resources": {
                "aws_instance.demo": {
                    "type": "aws_instance",
                    "depends_on": [],
                    "primary": {
                        "id": "i-04d764a5f6f1e5b68",
                        "attributes": {
                            "ami": "ami-467ca739",
                            "associate_public_ip_address": "true",
                            "availability_zone": "us-east-1a",
                            "credit_specification.#": "1",
                            "credit_specification.0.cpu_credits": "standard",
                            "disable_api_termination": "false",
                            "ebs_block_device.#": "0",
                            "ebs_optimized": "false",
                            "ephemeral_block_device.#": "0",
                            "get_password_data": "false",
                            "iam_instance_profile": "",
                            "id": "i-04d764a5f6f1e5b68",
                            "instance_state": "running",
                            "instance_type": "t2.large",
                            "ipv6_addresses.#": "0",
                            "key_name": "",
                            "monitoring": "false",
                            "network_interface.#": "0",
                            "network_interface_id": "eni-f5e50461",
                            "password_data": "",
                            "placement_group": "",
                            "primary_network_interface_id": "eni-f5e50461",
                            "private_dns": "ip-172-31-93-26.ec2.internal",
                            "private_ip": "172.31.93.26",
                            "public_dns": "ec2-54-152-216-93.compute-1.amazonaws.com",
                            "public_ip": "54.152.216.93",
                            "root_block_device.#": "1",
                            "root_block_device.0.delete_on_termination": "true",
                            "root_block_device.0.iops": "100",
                            "root_block_device.0.volume_id": "vol-06dbe1abcdbe1cc2b",
                            "root_block_device.0.volume_size": "8",
                            "root_block_device.0.volume_type": "gp2",
                            "security_groups.#": "1",
                            "security_groups.3814588639": "default",
                            "source_dest_check": "true",
                            "subnet_id": "subnet-5adeee76",
                            "tags.%": "0",
                            "tenancy": "default",
                            "volume_tags.%": "0",
                            "vpc_security_group_ids.#": "1",
                            "vpc_security_group_ids.3099390606": "sg-d163e5a2"
                        },
                        "meta": {
                            "e2bfb730-ecaa-11e6-8f88-34363bc7c4c0": {
                                "create": 600000000000,
                                "delete": 1200000000000,
                                "update": 600000000000
                            },
                            "schema_version": "1"
                        },
                        "tainted": false
                    },
                    "deposed": [],
                    "provider": "provider.aws"
                }
            },
            "depends_on": []
        }
    ]
}
